// !$*UTF8*$!
{
	archiveVersion = 1;
	classes = {
	};
	objectVersion = 50;
	objects = {

/* Begin PBXBuildFile section */
		EDEDCB5626718C8D00C2FF2F /* FinstagramApp.swift in Sources */ = {isa = PBXBuildFile; fileRef = EDEDCB5526718C8D00C2FF2F /* FinstagramApp.swift */; };
		EDEDCB5826718C8D00C2FF2F /* ContentView.swift in Sources */ = {isa = PBXBuildFile; fileRef = EDEDCB5726718C8D00C2FF2F /* ContentView.swift */; };
		EDEDCB5A26718C8F00C2FF2F /* Assets.xcassets in Resources */ = {isa = PBXBuildFile; fileRef = EDEDCB5926718C8F00C2FF2F /* Assets.xcassets */; };
		EDEDCB5D26718C8F00C2FF2F /* Preview Assets.xcassets in Resources */ = {isa = PBXBuildFile; fileRef = EDEDCB5C26718C8F00C2FF2F /* Preview Assets.xcassets */; };
		EDEDCB652671908300C2FF2F /* LaunchScreen.storyboard in Resources */ = {isa = PBXBuildFile; fileRef = EDEDCB642671908300C2FF2F /* LaunchScreen.storyboard */; };
		EDEDCB6C267196C500C2FF2F /* Extensions.swift in Sources */ = {isa = PBXBuildFile; fileRef = EDEDCB6B267196C500C2FF2F /* Extensions.swift */; };
/* End PBXBuildFile section */

/* Begin PBXFileReference section */
		EDEDCB5226718C8D00C2FF2F /* Finstagram.app */ = {isa = PBXFileReference; explicitFileType = wrapper.application; includeInIndex = 0; path = Finstagram.app; sourceTree = BUILT_PRODUCTS_DIR; };
		EDEDCB5526718C8D00C2FF2F /* FinstagramApp.swift */ = {isa = PBXFileReference; lastKnownFileType = sourcecode.swift; path = FinstagramApp.swift; sourceTree = "<group>"; };
		EDEDCB5726718C8D00C2FF2F /* ContentView.swift */ = {isa = PBXFileReference; lastKnownFileType = sourcecode.swift; path = ContentView.swift; sourceTree = "<group>"; };
		EDEDCB5926718C8F00C2FF2F /* Assets.xcassets */ = {isa = PBXFileReference; lastKnownFileType = folder.assetcatalog; path = Assets.xcassets; sourceTree = "<group>"; };
		EDEDCB5C26718C8F00C2FF2F /* Preview Assets.xcassets */ = {isa = PBXFileReference; lastKnownFileType = folder.assetcatalog; path = "Preview Assets.xcassets"; sourceTree = "<group>"; };
		EDEDCB5E26718C8F00C2FF2F /* Info.plist */ = {isa = PBXFileReference; lastKnownFileType = text.plist.xml; path = Info.plist; sourceTree = "<group>"; };
		EDEDCB642671908300C2FF2F /* LaunchScreen.storyboard */ = {isa = PBXFileReference; lastKnownFileType = file.storyboard; path = LaunchScreen.storyboard; sourceTree = "<group>"; };
		EDEDCB6B267196C500C2FF2F /* Extensions.swift */ = {isa = PBXFileReference; lastKnownFileType = sourcecode.swift; path = Extensions.swift; sourceTree = "<group>"; };
/* End PBXFileReference section */

/* Begin PBXFrameworksBuildPhase section */
		EDEDCB4F26718C8D00C2FF2F /* Frameworks */ = {
			isa = PBXFrameworksBuildPhase;
			buildActionMask = 2147483647;
			files = (
			);
			runOnlyForDeploymentPostprocessing = 0;
		};
/* End PBXFrameworksBuildPhase section */

/* Begin PBXGroup section */
		EDEDCB4926718C8D00C2FF2F = {
			isa = PBXGroup;
			children = (
				EDEDCB5426718C8D00C2FF2F /* Finstagram */,
				EDEDCB5326718C8D00C2FF2F /* Products */,
			);
			sourceTree = "<group>";
		};
		EDEDCB5326718C8D00C2FF2F /* Products */ = {
			isa = PBXGroup;
			children = (
				EDEDCB5226718C8D00C2FF2F /* Finstagram.app */,
			);
			name = Products;
			sourceTree = "<group>";
		};
		EDEDCB5426718C8D00C2FF2F /* Finstagram */ = {
			isa = PBXGroup;
			children = (
				EDEDCB6A267196B400C2FF2F /* Helpers */,
				EDEDCB662671951C00C2FF2F /* Views */,
				EDEDCB5926718C8F00C2FF2F /* Assets.xcassets */,
				EDEDCB5E26718C8F00C2FF2F /* Info.plist */,
				EDEDCB5B26718C8F00C2FF2F /* Preview Content */,
				EDEDCB642671908300C2FF2F /* LaunchScreen.storyboard */,
			);
			path = Finstagram;
			sourceTree = "<group>";
		};
		EDEDCB5B26718C8F00C2FF2F /* Preview Content */ = {
			isa = PBXGroup;
			children = (
				EDEDCB5C26718C8F00C2FF2F /* Preview Assets.xcassets */,
			);
			path = "Preview Content";
			sourceTree = "<group>";
		};
		EDEDCB662671951C00C2FF2F /* Views */ = {
			isa = PBXGroup;
			children = (
				EDEDCB692671953600C2FF2F /* Subviews */,
				EDEDCB682671953100C2FF2F /* Screens */,
			);
			path = Views;
			sourceTree = "<group>";
		};
		EDEDCB682671953100C2FF2F /* Screens */ = {
			isa = PBXGroup;
			children = (
				EDEDCB5526718C8D00C2FF2F /* FinstagramApp.swift */,
				EDEDCB5726718C8D00C2FF2F /* ContentView.swift */,
			);
			path = Screens;
			sourceTree = "<group>";
		};
		EDEDCB692671953600C2FF2F /* Subviews */ = {
			isa = PBXGroup;
			children = (
			);
			path = Subviews;
			sourceTree = "<group>";
		};
		EDEDCB6A267196B400C2FF2F /* Helpers */ = {
			isa = PBXGroup;
			children = (
				EDEDCB6B267196C500C2FF2F /* Extensions.swift */,
			);
			path = Helpers;
			sourceTree = "<group>";
		};
/* End PBXGroup section */

/* Begin PBXNativeTarget section */
		EDEDCB5126718C8D00C2FF2F /* Finstagram */ = {
			isa = PBXNativeTarget;
			buildConfigurationList = EDEDCB6126718C8F00C2FF2F /* Build configuration list for PBXNativeTarget "Finstagram" */;
			buildPhases = (
				EDEDCB4E26718C8D00C2FF2F /* Sources */,
				EDEDCB4F26718C8D00C2FF2F /* Frameworks */,
				EDEDCB5026718C8D00C2FF2F /* Resources */,
			);
			buildRules = (
			);
			dependencies = (
			);
			name = Finstagram;
			productName = Finstagram;
			productReference = EDEDCB5226718C8D00C2FF2F /* Finstagram.app */;
			productType = "com.apple.product-type.application";
		};
/* End PBXNativeTarget section */

/* Begin PBXProject section */
		EDEDCB4A26718C8D00C2FF2F /* Project object */ = {
			isa = PBXProject;
			attributes = {
				LastSwiftUpdateCheck = 1250;
				LastUpgradeCheck = 1250;
				TargetAttributes = {
					EDEDCB5126718C8D00C2FF2F = {
						CreatedOnToolsVersion = 12.5;
					};
				};
			};
			buildConfigurationList = EDEDCB4D26718C8D00C2FF2F /* Build configuration list for PBXProject "Finstagram" */;
			compatibilityVersion = "Xcode 9.3";
			developmentRegion = en;
			hasScannedForEncodings = 0;
			knownRegions = (
				en,
				Base,
			);
			mainGroup = EDEDCB4926718C8D00C2FF2F;
			productRefGroup = EDEDCB5326718C8D00C2FF2F /* Products */;
			projectDirPath = "";
			projectRoot = "";
			targets = (
				EDEDCB5126718C8D00C2FF2F /* Finstagram */,
			);
		};
/* End PBXProject section */

/* Begin PBXResourcesBuildPhase section */
		EDEDCB5026718C8D00C2FF2F /* Resources */ = {
			isa = PBXResourcesBuildPhase;
			buildActionMask = 2147483647;
			files = (
				EDEDCB652671908300C2FF2F /* LaunchScreen.storyboard in Resources */,
				EDEDCB5D26718C8F00C2FF2F /* Preview Assets.xcassets in Resources */,
				EDEDCB5A26718C8F00C2FF2F /* Assets.xcassets in Resources */,
			);
			runOnlyForDeploymentPostprocessing = 0;
		};
/* End PBXResourcesBuildPhase section */

/* Begin PBXSourcesBuildPhase section */
		EDEDCB4E26718C8D00C2FF2F /* Sources */ = {
			isa = PBXSourcesBuildPhase;
			buildActionMask = 2147483647;
			files = (
				EDEDCB5826718C8D00C2FF2F /* ContentView.swift in Sources */,
				EDEDCB6C267196C500C2FF2F /* Extensions.swift in Sources */,
				EDEDCB5626718C8D00C2FF2F /* FinstagramApp.swift in Sources */,
			);
			runOnlyForDeploymentPostprocessing = 0;
		};
/* End PBXSourcesBuildPhase section */

/* Begin XCBuildConfiguration section */
		EDEDCB5F26718C8F00C2FF2F /* Debug */ = {
			isa = XCBuildConfiguration;
			buildSettings = {
				ALWAYS_SEARCH_USER_PATHS = NO;
				CLANG_ANALYZER_NONNULL = YES;
				CLANG_ANALYZER_NUMBER_OBJECT_CONVERSION = YES_AGGRESSIVE;
				CLANG_CXX_LANGUAGE_STANDARD = "gnu++14";
				CLANG_CXX_LIBRARY = "libc++";
				CLANG_ENABLE_MODULES = YES;
				CLANG_ENABLE_OBJC_ARC = YES;
				CLANG_ENABLE_OBJC_WEAK = YES;
				CLANG_WARN_BLOCK_CAPTURE_AUTORELEASING = YES;
				CLANG_WARN_BOOL_CONVERSION = YES;
				CLANG_WARN_COMMA = YES;
				CLANG_WARN_CONSTANT_CONVERSION = YES;
				CLANG_WARN_DEPRECATED_OBJC_IMPLEMENTATIONS = YES;
				CLANG_WARN_DIRECT_OBJC_ISA_USAGE = YES_ERROR;
				CLANG_WARN_DOCUMENTATION_COMMENTS = YES;
				CLANG_WARN_EMPTY_BODY = YES;
				CLANG_WARN_ENUM_CONVERSION = YES;
				CLANG_WARN_INFINITE_RECURSION = YES;
				CLANG_WARN_INT_CONVERSION = YES;
				CLANG_WARN_NON_LITERAL_NULL_CONVERSION = YES;
				CLANG_WARN_OBJC_IMPLICIT_RETAIN_SELF = YES;
				CLANG_WARN_OBJC_LITERAL_CONVERSION = YES;
				CLANG_WARN_OBJC_ROOT_CLASS = YES_ERROR;
				CLANG_WARN_QUOTED_INCLUDE_IN_FRAMEWORK_HEADER = YES;
				CLANG_WARN_RANGE_LOOP_ANALYSIS = YES;
				CLANG_WARN_STRICT_PROTOTYPES = YES;
				CLANG_WARN_SUSPICIOUS_MOVE = YES;
				CLANG_WARN_UNGUARDED_AVAILABILITY = YES_AGGRESSIVE;
				CLANG_WARN_UNREACHABLE_CODE = YES;
				CLANG_WARN__DUPLICATE_METHOD_MATCH = YES;
				COPY_PHASE_STRIP = NO;
				DEBUG_INFORMATION_FORMAT = dwarf;
				ENABLE_STRICT_OBJC_MSGSEND = YES;
				ENABLE_TESTABILITY = YES;
				GCC_C_LANGUAGE_STANDARD = gnu11;
				GCC_DYNAMIC_NO_PIC = NO;
				GCC_NO_COMMON_BLOCKS = YES;
				GCC_OPTIMIZATION_LEVEL = 0;
				GCC_PREPROCESSOR_DEFINITIONS = (
					"DEBUG=1",
					"$(inherited)",
				);
				GCC_WARN_64_TO_32_BIT_CONVERSION = YES;
				GCC_WARN_ABOUT_RETURN_TYPE = YES_ERROR;
				GCC_WARN_UNDECLARED_SELECTOR = YES;
				GCC_WARN_UNINITIALIZED_AUTOS = YES_AGGRESSIVE;
				GCC_WARN_UNUSED_FUNCTION = YES;
				GCC_WARN_UNUSED_VARIABLE = YES;
				IPHONEOS_DEPLOYMENT_TARGET = 14.5;
				MTL_ENABLE_DEBUG_INFO = INCLUDE_SOURCE;
				MTL_FAST_MATH = YES;
				ONLY_ACTIVE_ARCH = YES;
				SDKROOT = iphoneos;
				SWIFT_ACTIVE_COMPILATION_CONDITIONS = DEBUG;
				SWIFT_OPTIMIZATION_LEVEL = "-Onone";
			};
			name = Debug;
		};
		EDEDCB6026718C8F00C2FF2F /* Release */ = {
			isa = XCBuildConfiguration;
			buildSettings = {
				ALWAYS_SEARCH_USER_PATHS = NO;
				CLANG_ANALYZER_NONNULL = YES;
				CLANG_ANALYZER_NUMBER_OBJECT_CONVERSION = YES_AGGRESSIVE;
				CLANG_CXX_LANGUAGE_STANDARD = "gnu++14";
				CLANG_CXX_LIBRARY = "libc++";
				CLANG_ENABLE_MODULES = YES;
				CLANG_ENABLE_OBJC_ARC = YES;
				CLANG_ENABLE_OBJC_WEAK = YES;
				CLANG_WARN_BLOCK_CAPTURE_AUTORELEASING = YES;
				CLANG_WARN_BOOL_CONVERSION = YES;
				CLANG_WARN_COMMA = YES;
				CLANG_WARN_CONSTANT_CONVERSION = YES;
				CLANG_WARN_DEPRECATED_OBJC_IMPLEMENTATIONS = YES;
				CLANG_WARN_DIRECT_OBJC_ISA_USAGE = YES_ERROR;
				CLANG_WARN_DOCUMENTATION_COMMENTS = YES;
				CLANG_WARN_EMPTY_BODY = YES;
				CLANG_WARN_ENUM_CONVERSION = YES;
				CLANG_WARN_INFINITE_RECURSION = YES;
				CLANG_WARN_INT_CONVERSION = YES;
				CLANG_WARN_NON_LITERAL_NULL_CONVERSION = YES;
				CLANG_WARN_OBJC_IMPLICIT_RETAIN_SELF = YES;
				CLANG_WARN_OBJC_LITERAL_CONVERSION = YES;
				CLANG_WARN_OBJC_ROOT_CLASS = YES_ERROR;
				CLANG_WARN_QUOTED_INCLUDE_IN_FRAMEWORK_HEADER = YES;
				CLANG_WARN_RANGE_LOOP_ANALYSIS = YES;
				CLANG_WARN_STRICT_PROTOTYPES = YES;
				CLANG_WARN_SUSPICIOUS_MOVE = YES;
				CLANG_WARN_UNGUARDED_AVAILABILITY = YES_AGGRESSIVE;
				CLANG_WARN_UNREACHABLE_CODE = YES;
				CLANG_WARN__DUPLICATE_METHOD_MATCH = YES;
				COPY_PHASE_STRIP = NO;
				DEBUG_INFORMATION_FORMAT = "dwarf-with-dsym";
				ENABLE_NS_ASSERTIONS = NO;
				ENABLE_STRICT_OBJC_MSGSEND = YES;
				GCC_C_LANGUAGE_STANDARD = gnu11;
				GCC_NO_COMMON_BLOCKS = YES;
				GCC_WARN_64_TO_32_BIT_CONVERSION = YES;
				GCC_WARN_ABOUT_RETURN_TYPE = YES_ERROR;
				GCC_WARN_UNDECLARED_SELECTOR = YES;
				GCC_WARN_UNINITIALIZED_AUTOS = YES_AGGRESSIVE;
				GCC_WARN_UNUSED_FUNCTION = YES;
				GCC_WARN_UNUSED_VARIABLE = YES;
				IPHONEOS_DEPLOYMENT_TARGET = 14.5;
				MTL_ENABLE_DEBUG_INFO = NO;
				MTL_FAST_MATH = YES;
				SDKROOT = iphoneos;
				SWIFT_COMPILATION_MODE = wholemodule;
				SWIFT_OPTIMIZATION_LEVEL = "-O";
				VALIDATE_PRODUCT = YES;
			};
			name = Release;
		};
		EDEDCB6226718C8F00C2FF2F /* Debug */ = {
			isa = XCBuildConfiguration;
			buildSettings = {
				ASSETCATALOG_COMPILER_APPICON_NAME = AppIcon;
				ASSETCATALOG_COMPILER_GLOBAL_ACCENT_COLOR_NAME = AccentColor;
				CODE_SIGN_STYLE = Automatic;
				DEVELOPMENT_ASSET_PATHS = "\"Finstagram/Preview Content\"";
				DEVELOPMENT_TEAM = H6Z9Q922HL;
				ENABLE_PREVIEWS = YES;
				INFOPLIST_FILE = Finstagram/Info.plist;
				IPHONEOS_DEPLOYMENT_TARGET = 14.0;
				LD_RUNPATH_SEARCH_PATHS = (
					"$(inherited)",
					"@executable_path/Frameworks",
				);
				PRODUCT_BUNDLE_IDENTIFIER = com.tului.Finstagram;
				PRODUCT_NAME = "$(TARGET_NAME)";
				SWIFT_VERSION = 5.0;
				TARGETED_DEVICE_FAMILY = 1;
			};
			name = Debug;
		};
		EDEDCB6326718C8F00C2FF2F /* Release */ = {
			isa = XCBuildConfiguration;
			buildSettings = {
				ASSETCATALOG_COMPILER_APPICON_NAME = AppIcon;
				ASSETCATALOG_COMPILER_GLOBAL_ACCENT_COLOR_NAME = AccentColor;
				CODE_SIGN_STYLE = Automatic;
				DEVELOPMENT_ASSET_PATHS = "\"Finstagram/Preview Content\"";
				DEVELOPMENT_TEAM = H6Z9Q922HL;
				ENABLE_PREVIEWS = YES;
				INFOPLIST_FILE = Finstagram/Info.plist;
				IPHONEOS_DEPLOYMENT_TARGET = 14.0;
				LD_RUNPATH_SEARCH_PATHS = (
					"$(inherited)",
					"@executable_path/Frameworks",
				);
				PRODUCT_BUNDLE_IDENTIFIER = com.tului.Finstagram;
				PRODUCT_NAME = "$(TARGET_NAME)";
				SWIFT_VERSION = 5.0;
				TARGETED_DEVICE_FAMILY = 1;
			};
			name = Release;
		};
/* End XCBuildConfiguration section */

/* Begin XCConfigurationList section */
		EDEDCB4D26718C8D00C2FF2F /* Build configuration list for PBXProject "Finstagram" */ = {
			isa = XCConfigurationList;
			buildConfigurations = (
				EDEDCB5F26718C8F00C2FF2F /* Debug */,
				EDEDCB6026718C8F00C2FF2F /* Release */,
			);
			defaultConfigurationIsVisible = 0;
			defaultConfigurationName = Release;
		};
		EDEDCB6126718C8F00C2FF2F /* Build configuration list for PBXNativeTarget "Finstagram" */ = {
			isa = XCConfigurationList;
			buildConfigurations = (
				EDEDCB6226718C8F00C2FF2F /* Debug */,
				EDEDCB6326718C8F00C2FF2F /* Release */,
			);
			defaultConfigurationIsVisible = 0;
			defaultConfigurationName = Release;
		};
/* End XCConfigurationList section */
	};
	rootObject = EDEDCB4A26718C8D00C2FF2F /* Project object */;
}
